# THIS IS AN AUTOGENERATED FILE. DO NOT EDIT THIS FILE DIRECTLY.
# yarn lockfile v1


"@babel/runtime@^7.20.13":
  version "7.24.5"
  resolved "https://registry.npmjs.org/@babel/runtime/-/runtime-7.24.5.tgz"
  dependencies:
    regenerator-runtime "^0.14.0"

"@fastify/busboy@^2.0.0":
  version "2.1.1"
  resolved "https://registry.npmjs.org/@fastify/busboy/-/busboy-2.1.1.tgz"

"@firebase/analytics-compat@0.2.10":
  version "0.2.10"
  resolved "https://registry.npmjs.org/@firebase/analytics-compat/-/analytics-compat-0.2.10.tgz"
  dependencies:
    "@firebase/analytics" "0.10.4"
    "@firebase/analytics-types" "0.8.2"
    "@firebase/component" "0.6.7"
    "@firebase/util" "1.9.6"
    tslib "^2.1.0"

"@firebase/analytics-types@0.8.2":
  version "0.8.2"
  resolved "https://registry.npmjs.org/@firebase/analytics-types/-/analytics-types-0.8.2.tgz"

"@firebase/analytics@0.10.4":
  version "0.10.4"
  resolved "https://registry.npmjs.org/@firebase/analytics/-/analytics-0.10.4.tgz"
  dependencies:
    "@firebase/component" "0.6.7"
    "@firebase/installations" "0.6.7"
    "@firebase/logger" "0.4.2"
    "@firebase/util" "1.9.6"
    tslib "^2.1.0"

"@firebase/app-check-compat@0.3.11":
  version "0.3.11"
  resolved "https://registry.npmjs.org/@firebase/app-check-compat/-/app-check-compat-0.3.11.tgz"
  dependencies:
    "@firebase/app-check" "0.8.4"
    "@firebase/app-check-types" "0.5.2"
    "@firebase/component" "0.6.7"
    "@firebase/logger" "0.4.2"
    "@firebase/util" "1.9.6"
    tslib "^2.1.0"

"@firebase/app-check-interop-types@0.3.2":
  version "0.3.2"
  resolved "https://registry.npmjs.org/@firebase/app-check-interop-types/-/app-check-interop-types-0.3.2.tgz"

"@firebase/app-check-types@0.5.2":
  version "0.5.2"
  resolved "https://registry.npmjs.org/@firebase/app-check-types/-/app-check-types-0.5.2.tgz"

"@firebase/app-check@0.8.4":
  version "0.8.4"
  resolved "https://registry.npmjs.org/@firebase/app-check/-/app-check-0.8.4.tgz"
  dependencies:
    "@firebase/component" "0.6.7"
    "@firebase/logger" "0.4.2"
    "@firebase/util" "1.9.6"
    tslib "^2.1.0"

"@firebase/app-compat@0.2.34":
  version "0.2.34"
  resolved "https://registry.npmjs.org/@firebase/app-compat/-/app-compat-0.2.34.tgz"
  dependencies:
    "@firebase/app" "0.10.4"
    "@firebase/component" "0.6.7"
    "@firebase/logger" "0.4.2"
    "@firebase/util" "1.9.6"
    tslib "^2.1.0"

"@firebase/app-types@0.9.2":
  version "0.9.2"
  resolved "https://registry.npmjs.org/@firebase/app-types/-/app-types-0.9.2.tgz"

"@firebase/app@0.10.4":
  version "0.10.4"
  resolved "https://registry.npmjs.org/@firebase/app/-/app-0.10.4.tgz"
  dependencies:
    "@firebase/component" "0.6.7"
    "@firebase/logger" "0.4.2"
    "@firebase/util" "1.9.6"
    idb "7.1.1"
    tslib "^2.1.0"

"@firebase/auth-compat@0.5.8":
  version "0.5.8"
  resolved "https://registry.npmjs.org/@firebase/auth-compat/-/auth-compat-0.5.8.tgz"
  dependencies:
    "@firebase/auth" "1.7.3"
    "@firebase/auth-types" "0.12.2"
    "@firebase/component" "0.6.7"
    "@firebase/util" "1.9.6"
    tslib "^2.1.0"
    undici "5.28.4"

"@firebase/auth-interop-types@0.2.3":
  version "0.2.3"
  resolved "https://registry.npmjs.org/@firebase/auth-interop-types/-/auth-interop-types-0.2.3.tgz"

"@firebase/auth-types@0.12.2":
  version "0.12.2"
  resolved "https://registry.npmjs.org/@firebase/auth-types/-/auth-types-0.12.2.tgz"

"@firebase/auth@1.7.3":
  version "1.7.3"
  resolved "https://registry.npmjs.org/@firebase/auth/-/auth-1.7.3.tgz"
  dependencies:
    "@firebase/component" "0.6.7"
    "@firebase/logger" "0.4.2"
    "@firebase/util" "1.9.6"
    tslib "^2.1.0"
    undici "5.28.4"

"@firebase/component@0.6.7":
  version "0.6.7"
  resolved "https://registry.npmjs.org/@firebase/component/-/component-0.6.7.tgz"
  dependencies:
    "@firebase/util" "1.9.6"
    tslib "^2.1.0"

"@firebase/database-compat@1.0.5":
  version "1.0.5"
  resolved "https://registry.npmjs.org/@firebase/database-compat/-/database-compat-1.0.5.tgz"
  dependencies:
    "@firebase/component" "0.6.7"
    "@firebase/database" "1.0.5"
    "@firebase/database-types" "1.0.3"
    "@firebase/logger" "0.4.2"
    "@firebase/util" "1.9.6"
    tslib "^2.1.0"

"@firebase/database-types@1.0.3":
  version "1.0.3"
  resolved "https://registry.npmjs.org/@firebase/database-types/-/database-types-1.0.3.tgz"
  dependencies:
    "@firebase/app-types" "0.9.2"
    "@firebase/util" "1.9.6"

"@firebase/database@1.0.5":
  version "1.0.5"
  resolved "https://registry.npmjs.org/@firebase/database/-/database-1.0.5.tgz"
  dependencies:
    "@firebase/app-check-interop-types" "0.3.2"
    "@firebase/auth-interop-types" "0.2.3"
    "@firebase/component" "0.6.7"
    "@firebase/logger" "0.4.2"
    "@firebase/util" "1.9.6"
    faye-websocket "0.11.4"
    tslib "^2.1.0"

"@firebase/firestore-compat@0.3.32":
  version "0.3.32"
  resolved "https://registry.npmjs.org/@firebase/firestore-compat/-/firestore-compat-0.3.32.tgz"
  dependencies:
    "@firebase/component" "0.6.7"
    "@firebase/firestore" "4.6.3"
    "@firebase/firestore-types" "3.0.2"
    "@firebase/util" "1.9.6"
    tslib "^2.1.0"

"@firebase/firestore-types@3.0.2":
  version "3.0.2"
  resolved "https://registry.npmjs.org/@firebase/firestore-types/-/firestore-types-3.0.2.tgz"

"@firebase/firestore@4.6.3":
  version "4.6.3"
  resolved "https://registry.npmjs.org/@firebase/firestore/-/firestore-4.6.3.tgz"
  dependencies:
    "@firebase/component" "0.6.7"
    "@firebase/logger" "0.4.2"
    "@firebase/util" "1.9.6"
    "@firebase/webchannel-wrapper" "1.0.0"
    "@grpc/grpc-js" "~1.9.0"
    "@grpc/proto-loader" "^0.7.8"
    tslib "^2.1.0"
    undici "5.28.4"

"@firebase/functions-compat@0.3.11":
  version "0.3.11"
  resolved "https://registry.npmjs.org/@firebase/functions-compat/-/functions-compat-0.3.11.tgz"
  dependencies:
    "@firebase/component" "0.6.7"
    "@firebase/functions" "0.11.5"
    "@firebase/functions-types" "0.6.2"
    "@firebase/util" "1.9.6"
    tslib "^2.1.0"

"@firebase/functions-types@0.6.2":
  version "0.6.2"
  resolved "https://registry.npmjs.org/@firebase/functions-types/-/functions-types-0.6.2.tgz"

"@firebase/functions@0.11.5":
  version "0.11.5"
  resolved "https://registry.npmjs.org/@firebase/functions/-/functions-0.11.5.tgz"
  dependencies:
    "@firebase/app-check-interop-types" "0.3.2"
    "@firebase/auth-interop-types" "0.2.3"
    "@firebase/component" "0.6.7"
    "@firebase/messaging-interop-types" "0.2.2"
    "@firebase/util" "1.9.6"
    tslib "^2.1.0"
    undici "5.28.4"

"@firebase/installations-compat@0.2.7":
  version "0.2.7"
  resolved "https://registry.npmjs.org/@firebase/installations-compat/-/installations-compat-0.2.7.tgz"
  dependencies:
    "@firebase/component" "0.6.7"
    "@firebase/installations" "0.6.7"
    "@firebase/installations-types" "0.5.2"
    "@firebase/util" "1.9.6"
    tslib "^2.1.0"

"@firebase/installations-types@0.5.2":
  version "0.5.2"
  resolved "https://registry.npmjs.org/@firebase/installations-types/-/installations-types-0.5.2.tgz"

"@firebase/installations@0.6.7":
  version "0.6.7"
  resolved "https://registry.npmjs.org/@firebase/installations/-/installations-0.6.7.tgz"
  dependencies:
    "@firebase/component" "0.6.7"
    "@firebase/util" "1.9.6"
    idb "7.1.1"
    tslib "^2.1.0"

"@firebase/logger@0.4.2":
  version "0.4.2"
  resolved "https://registry.npmjs.org/@firebase/logger/-/logger-0.4.2.tgz"
  dependencies:
    tslib "^2.1.0"

"@firebase/messaging-compat@0.2.9":
  version "0.2.9"
  resolved "https://registry.npmjs.org/@firebase/messaging-compat/-/messaging-compat-0.2.9.tgz"
  dependencies:
    "@firebase/component" "0.6.7"
    "@firebase/messaging" "0.12.9"
    "@firebase/util" "1.9.6"
    tslib "^2.1.0"

"@firebase/messaging-interop-types@0.2.2":
  version "0.2.2"
  resolved "https://registry.npmjs.org/@firebase/messaging-interop-types/-/messaging-interop-types-0.2.2.tgz"

"@firebase/messaging@0.12.9":
  version "0.12.9"
  resolved "https://registry.npmjs.org/@firebase/messaging/-/messaging-0.12.9.tgz"
  dependencies:
    "@firebase/component" "0.6.7"
    "@firebase/installations" "0.6.7"
    "@firebase/messaging-interop-types" "0.2.2"
    "@firebase/util" "1.9.6"
    idb "7.1.1"
    tslib "^2.1.0"

"@firebase/performance-compat@0.2.7":
  version "0.2.7"
  resolved "https://registry.npmjs.org/@firebase/performance-compat/-/performance-compat-0.2.7.tgz"
  dependencies:
    "@firebase/component" "0.6.7"
    "@firebase/logger" "0.4.2"
    "@firebase/performance" "0.6.7"
    "@firebase/performance-types" "0.2.2"
    "@firebase/util" "1.9.6"
    tslib "^2.1.0"

"@firebase/performance-types@0.2.2":
  version "0.2.2"
  resolved "https://registry.npmjs.org/@firebase/performance-types/-/performance-types-0.2.2.tgz"

"@firebase/performance@0.6.7":
  version "0.6.7"
  resolved "https://registry.npmjs.org/@firebase/performance/-/performance-0.6.7.tgz"
  dependencies:
    "@firebase/component" "0.6.7"
    "@firebase/installations" "0.6.7"
    "@firebase/logger" "0.4.2"
    "@firebase/util" "1.9.6"
    tslib "^2.1.0"

"@firebase/remote-config-compat@0.2.7":
  version "0.2.7"
  resolved "https://registry.npmjs.org/@firebase/remote-config-compat/-/remote-config-compat-0.2.7.tgz"
  dependencies:
    "@firebase/component" "0.6.7"
    "@firebase/logger" "0.4.2"
    "@firebase/remote-config" "0.4.7"
    "@firebase/remote-config-types" "0.3.2"
    "@firebase/util" "1.9.6"
    tslib "^2.1.0"

"@firebase/remote-config-types@0.3.2":
  version "0.3.2"
  resolved "https://registry.npmjs.org/@firebase/remote-config-types/-/remote-config-types-0.3.2.tgz"

"@firebase/remote-config@0.4.7":
  version "0.4.7"
  resolved "https://registry.npmjs.org/@firebase/remote-config/-/remote-config-0.4.7.tgz"
  dependencies:
    "@firebase/component" "0.6.7"
    "@firebase/installations" "0.6.7"
    "@firebase/logger" "0.4.2"
    "@firebase/util" "1.9.6"
    tslib "^2.1.0"

"@firebase/storage-compat@0.3.8":
  version "0.3.8"
  resolved "https://registry.npmjs.org/@firebase/storage-compat/-/storage-compat-0.3.8.tgz"
  dependencies:
    "@firebase/component" "0.6.7"
    "@firebase/storage" "0.12.5"
    "@firebase/storage-types" "0.8.2"
    "@firebase/util" "1.9.6"
    tslib "^2.1.0"

"@firebase/storage-types@0.8.2":
  version "0.8.2"
  resolved "https://registry.npmjs.org/@firebase/storage-types/-/storage-types-0.8.2.tgz"

"@firebase/storage@0.12.5":
  version "0.12.5"
  resolved "https://registry.npmjs.org/@firebase/storage/-/storage-0.12.5.tgz"
  dependencies:
    "@firebase/component" "0.6.7"
    "@firebase/util" "1.9.6"
    tslib "^2.1.0"
    undici "5.28.4"

"@firebase/util@1.9.6":
  version "1.9.6"
  resolved "https://registry.npmjs.org/@firebase/util/-/util-1.9.6.tgz"
  dependencies:
    tslib "^2.1.0"

"@firebase/vertexai-preview@0.0.1":
  version "0.0.1"
  resolved "https://registry.npmjs.org/@firebase/vertexai-preview/-/vertexai-preview-0.0.1.tgz"
  dependencies:
    "@firebase/app-check-interop-types" "0.3.2"
    "@firebase/component" "0.6.7"
    "@firebase/logger" "0.4.2"
    "@firebase/util" "1.9.6"
    tslib "^2.1.0"

"@firebase/webchannel-wrapper@1.0.0":
  version "1.0.0"
  resolved "https://registry.npmjs.org/@firebase/webchannel-wrapper/-/webchannel-wrapper-1.0.0.tgz"

"@grpc/grpc-js@~1.9.0":
  version "1.9.14"
  resolved "https://registry.npmjs.org/@grpc/grpc-js/-/grpc-js-1.9.14.tgz"
  dependencies:
    "@grpc/proto-loader" "^0.7.8"
    "@types/node" ">=12.12.47"

"@grpc/proto-loader@^0.7.8":
  version "0.7.13"
  resolved "https://registry.npmjs.org/@grpc/proto-loader/-/proto-loader-0.7.13.tgz"
  dependencies:
    lodash.camelcase "^4.3.0"
    long "^5.0.0"
    protobufjs "^7.2.5"
    yargs "^17.7.2"

"@next/env@14.2.3":
  version "14.2.3"
  resolved "https://registry.npmjs.org/@next/env/-/env-14.2.3.tgz"

"@next/swc-darwin-arm64@14.2.3":
  version "14.2.3"
  resolved "https://registry.yarnpkg.com/@next/swc-darwin-arm64/-/swc-darwin-arm64-14.2.3.tgz#db1a05eb88c0224089b815ad10ac128ec79c2cdb"

"@next/swc-darwin-x64@14.2.3":
  version "14.2.3"
  resolved "https://registry.yarnpkg.com/@next/swc-darwin-x64/-/swc-darwin-x64-14.2.3.tgz#a3f8af05b5f9a52ac3082e66ac29e125ab1d7b9c"

"@next/swc-linux-arm64-gnu@14.2.3":
  version "14.2.3"
  resolved "https://registry.yarnpkg.com/@next/swc-linux-arm64-gnu/-/swc-linux-arm64-gnu-14.2.3.tgz#4e63f43879285b52554bfd39e6e0cc78a9b27bbf"

"@next/swc-linux-arm64-musl@14.2.3":
  version "14.2.3"
  resolved "https://registry.yarnpkg.com/@next/swc-linux-arm64-musl/-/swc-linux-arm64-musl-14.2.3.tgz#ebdaed26214448b1e6f2c3e8b3cd29bfba387990"

"@next/swc-linux-x64-gnu@14.2.3":
  version "14.2.3"
  resolved "https://registry.yarnpkg.com/@next/swc-linux-x64-gnu/-/swc-linux-x64-gnu-14.2.3.tgz#19e3bcc137c3b582a1ab867106817e5c90a20593"

"@next/swc-linux-x64-musl@14.2.3":
  version "14.2.3"
  resolved "https://registry.yarnpkg.com/@next/swc-linux-x64-musl/-/swc-linux-x64-musl-14.2.3.tgz#794a539b98e064169cf0ff7741b2a4fb16adec7d"

"@next/swc-win32-arm64-msvc@14.2.3":
  version "14.2.3"
  resolved "https://registry.yarnpkg.com/@next/swc-win32-arm64-msvc/-/swc-win32-arm64-msvc-14.2.3.tgz#eda9fa0fbf1ff9113e87ac2668ee67ce9e5add5a"

"@next/swc-win32-ia32-msvc@14.2.3":
  version "14.2.3"
  resolved "https://registry.yarnpkg.com/@next/swc-win32-ia32-msvc/-/swc-win32-ia32-msvc-14.2.3.tgz#7c1190e3f640ab16580c6bdbd7d0e766b9920457"

"@next/swc-win32-x64-msvc@14.2.3":
  version "14.2.3"
  resolved "https://registry.npmjs.org/@next/swc-win32-x64-msvc/-/swc-win32-x64-msvc-14.2.3.tgz"

"@panva/hkdf@^1.0.2":
  version "1.1.1"
  resolved "https://registry.npmjs.org/@panva/hkdf/-/hkdf-1.1.1.tgz"

"@protobufjs/aspromise@^1.1.1", "@protobufjs/aspromise@^1.1.2":
  version "1.1.2"
  resolved "https://registry.npmjs.org/@protobufjs/aspromise/-/aspromise-1.1.2.tgz"

"@protobufjs/base64@^1.1.2":
  version "1.1.2"
  resolved "https://registry.npmjs.org/@protobufjs/base64/-/base64-1.1.2.tgz"

"@protobufjs/codegen@^2.0.4":
  version "2.0.4"
  resolved "https://registry.npmjs.org/@protobufjs/codegen/-/codegen-2.0.4.tgz"

"@protobufjs/eventemitter@^1.1.0":
  version "1.1.0"
  resolved "https://registry.npmjs.org/@protobufjs/eventemitter/-/eventemitter-1.1.0.tgz"

"@protobufjs/fetch@^1.1.0":
  version "1.1.0"
  resolved "https://registry.npmjs.org/@protobufjs/fetch/-/fetch-1.1.0.tgz"
  dependencies:
    "@protobufjs/aspromise" "^1.1.1"
    "@protobufjs/inquire" "^1.1.0"

"@protobufjs/float@^1.0.2":
  version "1.0.2"
  resolved "https://registry.npmjs.org/@protobufjs/float/-/float-1.0.2.tgz"

"@protobufjs/inquire@^1.1.0":
  version "1.1.0"
  resolved "https://registry.npmjs.org/@protobufjs/inquire/-/inquire-1.1.0.tgz"

"@protobufjs/path@^1.1.2":
  version "1.1.2"
  resolved "https://registry.npmjs.org/@protobufjs/path/-/path-1.1.2.tgz"

"@protobufjs/pool@^1.1.0":
  version "1.1.0"
  resolved "https://registry.npmjs.org/@protobufjs/pool/-/pool-1.1.0.tgz"

"@protobufjs/utf8@^1.1.0":
  version "1.1.0"
  resolved "https://registry.npmjs.org/@protobufjs/utf8/-/utf8-1.1.0.tgz"

"@swc/counter@^0.1.3":
  version "0.1.3"
  resolved "https://registry.npmjs.org/@swc/counter/-/counter-0.1.3.tgz"

"@swc/helpers@0.5.5":
  version "0.5.5"
  resolved "https://registry.npmjs.org/@swc/helpers/-/helpers-0.5.5.tgz"
  dependencies:
    "@swc/counter" "^0.1.3"
    tslib "^2.4.0"

"@types/node@>=12.12.47", "@types/node@>=13.7.0", "@types/node@^20":
  version "20.12.12"
  resolved "https://registry.npmjs.org/@types/node/-/node-20.12.12.tgz"
  dependencies:
    undici-types "~5.26.4"

"@types/prop-types@*":
  version "15.7.12"
  resolved "https://registry.npmjs.org/@types/prop-types/-/prop-types-15.7.12.tgz"

"@types/react-dom@^18":
  version "18.3.0"
  resolved "https://registry.npmjs.org/@types/react-dom/-/react-dom-18.3.0.tgz"
  dependencies:
    "@types/react" "*"

"@types/react@*", "@types/react@^18":
  version "18.3.2"
  resolved "https://registry.npmjs.org/@types/react/-/react-18.3.2.tgz"
  dependencies:
    "@types/prop-types" "*"
    csstype "^3.0.2"

ansi-regex@^5.0.1:
  version "5.0.1"
  resolved "https://registry.npmjs.org/ansi-regex/-/ansi-regex-5.0.1.tgz"

ansi-styles@^4.0.0:
  version "4.3.0"
  resolved "https://registry.npmjs.org/ansi-styles/-/ansi-styles-4.3.0.tgz"
  dependencies:
    color-convert "^2.0.1"

busboy@1.6.0:
  version "1.6.0"
  resolved "https://registry.npmjs.org/busboy/-/busboy-1.6.0.tgz"
  dependencies:
    streamsearch "^1.1.0"

caniuse-lite@^1.0.30001579:
  version "1.0.30001621"
  resolved "https://registry.npmjs.org/caniuse-lite/-/caniuse-lite-1.0.30001621.tgz"

client-only@0.0.1:
  version "0.0.1"
  resolved "https://registry.npmjs.org/client-only/-/client-only-0.0.1.tgz"

cliui@^8.0.1:
  version "8.0.1"
  resolved "https://registry.npmjs.org/cliui/-/cliui-8.0.1.tgz"
  dependencies:
    string-width "^4.2.0"
    strip-ansi "^6.0.1"
    wrap-ansi "^7.0.0"

color-convert@^2.0.1:
  version "2.0.1"
  resolved "https://registry.npmjs.org/color-convert/-/color-convert-2.0.1.tgz"
  dependencies:
    color-name "~1.1.4"

color-name@~1.1.4:
  version "1.1.4"
  resolved "https://registry.npmjs.org/color-name/-/color-name-1.1.4.tgz"

cookie@^0.5.0:
  version "0.5.0"
  resolved "https://registry.npmjs.org/cookie/-/cookie-0.5.0.tgz"

csstype@^3.0.2:
  version "3.1.3"
  resolved "https://registry.npmjs.org/csstype/-/csstype-3.1.3.tgz"

emoji-regex@^8.0.0:
  version "8.0.0"
  resolved "https://registry.npmjs.org/emoji-regex/-/emoji-regex-8.0.0.tgz"

escalade@^3.1.1:
  version "3.1.2"
  resolved "https://registry.npmjs.org/escalade/-/escalade-3.1.2.tgz"

faye-websocket@0.11.4:
  version "0.11.4"
  resolved "https://registry.npmjs.org/faye-websocket/-/faye-websocket-0.11.4.tgz"
  dependencies:
    websocket-driver ">=0.5.1"

firebase@^10.12.1:
  version "10.12.1"
  resolved "https://registry.npmjs.org/firebase/-/firebase-10.12.1.tgz"
  dependencies:
    "@firebase/analytics" "0.10.4"
    "@firebase/analytics-compat" "0.2.10"
    "@firebase/app" "0.10.4"
    "@firebase/app-check" "0.8.4"
    "@firebase/app-check-compat" "0.3.11"
    "@firebase/app-compat" "0.2.34"
    "@firebase/app-types" "0.9.2"
    "@firebase/auth" "1.7.3"
    "@firebase/auth-compat" "0.5.8"
    "@firebase/database" "1.0.5"
    "@firebase/database-compat" "1.0.5"
    "@firebase/firestore" "4.6.3"
    "@firebase/firestore-compat" "0.3.32"
    "@firebase/functions" "0.11.5"
    "@firebase/functions-compat" "0.3.11"
    "@firebase/installations" "0.6.7"
    "@firebase/installations-compat" "0.2.7"
    "@firebase/messaging" "0.12.9"
    "@firebase/messaging-compat" "0.2.9"
    "@firebase/performance" "0.6.7"
    "@firebase/performance-compat" "0.2.7"
    "@firebase/remote-config" "0.4.7"
    "@firebase/remote-config-compat" "0.2.7"
    "@firebase/storage" "0.12.5"
    "@firebase/storage-compat" "0.3.8"
    "@firebase/util" "1.9.6"
    "@firebase/vertexai-preview" "0.0.1"

get-caller-file@^2.0.5:
  version "2.0.5"
  resolved "https://registry.npmjs.org/get-caller-file/-/get-caller-file-2.0.5.tgz"

graceful-fs@^4.2.11:
  version "4.2.11"
  resolved "https://registry.npmjs.org/graceful-fs/-/graceful-fs-4.2.11.tgz"

http-parser-js@>=0.5.1:
  version "0.5.8"
  resolved "https://registry.npmjs.org/http-parser-js/-/http-parser-js-0.5.8.tgz"

idb@7.1.1:
  version "7.1.1"
  resolved "https://registry.npmjs.org/idb/-/idb-7.1.1.tgz"

is-fullwidth-code-point@^3.0.0:
  version "3.0.0"
  resolved "https://registry.npmjs.org/is-fullwidth-code-point/-/is-fullwidth-code-point-3.0.0.tgz"

jose@^4.15.5:
  version "4.15.5"
  resolved "https://registry.npmjs.org/jose/-/jose-4.15.5.tgz"

"js-tokens@^3.0.0 || ^4.0.0":
  version "4.0.0"
  resolved "https://registry.npmjs.org/js-tokens/-/js-tokens-4.0.0.tgz"

lodash.camelcase@^4.3.0:
  version "4.3.0"
  resolved "https://registry.npmjs.org/lodash.camelcase/-/lodash.camelcase-4.3.0.tgz"

long@^5.0.0:
  version "5.2.3"
  resolved "https://registry.npmjs.org/long/-/long-5.2.3.tgz"

loose-envify@^1.1.0:
  version "1.4.0"
  resolved "https://registry.npmjs.org/loose-envify/-/loose-envify-1.4.0.tgz"
  dependencies:
    js-tokens "^3.0.0 || ^4.0.0"

lru-cache@^6.0.0:
  version "6.0.0"
  resolved "https://registry.npmjs.org/lru-cache/-/lru-cache-6.0.0.tgz"
  dependencies:
    yallist "^4.0.0"

nanoid@^3.3.6:
  version "3.3.7"
  resolved "https://registry.npmjs.org/nanoid/-/nanoid-3.3.7.tgz"

next-auth@^4.24.7:
  version "4.24.7"
  resolved "https://registry.npmjs.org/next-auth/-/next-auth-4.24.7.tgz"
  dependencies:
    "@babel/runtime" "^7.20.13"
    "@panva/hkdf" "^1.0.2"
    cookie "^0.5.0"
    jose "^4.15.5"
    oauth "^0.9.15"
    openid-client "^5.4.0"
    preact "^10.6.3"
    preact-render-to-string "^5.1.19"
    uuid "^8.3.2"

next@14.2.3:
  version "14.2.3"
  resolved "https://registry.npmjs.org/next/-/next-14.2.3.tgz"
  dependencies:
    "@next/env" "14.2.3"
    "@swc/helpers" "0.5.5"
    busboy "1.6.0"
    caniuse-lite "^1.0.30001579"
    graceful-fs "^4.2.11"
    postcss "8.4.31"
    styled-jsx "5.1.1"
  optionalDependencies:
    "@next/swc-darwin-arm64" "14.2.3"
    "@next/swc-darwin-x64" "14.2.3"
    "@next/swc-linux-arm64-gnu" "14.2.3"
    "@next/swc-linux-arm64-musl" "14.2.3"
    "@next/swc-linux-x64-gnu" "14.2.3"
    "@next/swc-linux-x64-musl" "14.2.3"
    "@next/swc-win32-arm64-msvc" "14.2.3"
    "@next/swc-win32-ia32-msvc" "14.2.3"
    "@next/swc-win32-x64-msvc" "14.2.3"

oauth@^0.9.15:
  version "0.9.15"
  resolved "https://registry.npmjs.org/oauth/-/oauth-0.9.15.tgz"

object-hash@^2.2.0:
  version "2.2.0"
  resolved "https://registry.npmjs.org/object-hash/-/object-hash-2.2.0.tgz"

oidc-token-hash@^5.0.3:
  version "5.0.3"
  resolved "https://registry.npmjs.org/oidc-token-hash/-/oidc-token-hash-5.0.3.tgz"

openid-client@^5.4.0:
  version "5.6.5"
  resolved "https://registry.npmjs.org/openid-client/-/openid-client-5.6.5.tgz"
  dependencies:
    jose "^4.15.5"
    lru-cache "^6.0.0"
    object-hash "^2.2.0"
    oidc-token-hash "^5.0.3"

picocolors@^1.0.0:
  version "1.0.1"
  resolved "https://registry.npmjs.org/picocolors/-/picocolors-1.0.1.tgz"

postcss@8.4.31:
  version "8.4.31"
  resolved "https://registry.npmjs.org/postcss/-/postcss-8.4.31.tgz"
  dependencies:
    nanoid "^3.3.6"
    picocolors "^1.0.0"
    source-map-js "^1.0.2"

preact-render-to-string@^5.1.19:
  version "5.2.6"
  resolved "https://registry.npmjs.org/preact-render-to-string/-/preact-render-to-string-5.2.6.tgz"
  dependencies:
    pretty-format "^3.8.0"

preact@^10.6.3:
  version "10.22.0"
  resolved "https://registry.npmjs.org/preact/-/preact-10.22.0.tgz"

pretty-format@^3.8.0:
  version "3.8.0"
  resolved "https://registry.npmjs.org/pretty-format/-/pretty-format-3.8.0.tgz"

protobufjs@^7.2.5:
  version "7.3.0"
  resolved "https://registry.npmjs.org/protobufjs/-/protobufjs-7.3.0.tgz"
  dependencies:
    "@protobufjs/aspromise" "^1.1.2"
    "@protobufjs/base64" "^1.1.2"
    "@protobufjs/codegen" "^2.0.4"
    "@protobufjs/eventemitter" "^1.1.0"
    "@protobufjs/fetch" "^1.1.0"
    "@protobufjs/float" "^1.0.2"
    "@protobufjs/inquire" "^1.1.0"
    "@protobufjs/path" "^1.1.2"
    "@protobufjs/pool" "^1.1.0"
    "@protobufjs/utf8" "^1.1.0"
    "@types/node" ">=13.7.0"
    long "^5.0.0"

react-dom@^18:
  version "18.3.1"
  resolved "https://registry.npmjs.org/react-dom/-/react-dom-18.3.1.tgz"
  dependencies:
    loose-envify "^1.1.0"
    scheduler "^0.23.2"

react-icons@^5.2.1:
  version "5.2.1"
  resolved "https://registry.npmjs.org/react-icons/-/react-icons-5.2.1.tgz"

react@^18:
  version "18.3.1"
  resolved "https://registry.npmjs.org/react/-/react-18.3.1.tgz"
  dependencies:
    loose-envify "^1.1.0"

regenerator-runtime@^0.14.0:
  version "0.14.1"
  resolved "https://registry.npmjs.org/regenerator-runtime/-/regenerator-runtime-0.14.1.tgz"

require-directory@^2.1.1:
  version "2.1.1"
  resolved "https://registry.npmjs.org/require-directory/-/require-directory-2.1.1.tgz"

safe-buffer@>=5.1.0:
  version "5.2.1"
  resolved "https://registry.npmjs.org/safe-buffer/-/safe-buffer-5.2.1.tgz"

scheduler@^0.23.2:
  version "0.23.2"
  resolved "https://registry.npmjs.org/scheduler/-/scheduler-0.23.2.tgz"
  dependencies:
    loose-envify "^1.1.0"

source-map-js@^1.0.2:
  version "1.2.0"
  resolved "https://registry.npmjs.org/source-map-js/-/source-map-js-1.2.0.tgz"

streamsearch@^1.1.0:
  version "1.1.0"
  resolved "https://registry.npmjs.org/streamsearch/-/streamsearch-1.1.0.tgz"

string-width@^4.1.0, string-width@^4.2.0, string-width@^4.2.3:
  version "4.2.3"
  resolved "https://registry.npmjs.org/string-width/-/string-width-4.2.3.tgz"
  dependencies:
    emoji-regex "^8.0.0"
    is-fullwidth-code-point "^3.0.0"
    strip-ansi "^6.0.1"

strip-ansi@^6.0.0, strip-ansi@^6.0.1:
  version "6.0.1"
  resolved "https://registry.npmjs.org/strip-ansi/-/strip-ansi-6.0.1.tgz"
  dependencies:
    ansi-regex "^5.0.1"

styled-jsx@5.1.1:
  version "5.1.1"
  resolved "https://registry.npmjs.org/styled-jsx/-/styled-jsx-5.1.1.tgz"
  dependencies:
    client-only "0.0.1"

tslib@^2.1.0, tslib@^2.4.0:
  version "2.6.2"
  resolved "https://registry.npmjs.org/tslib/-/tslib-2.6.2.tgz"

typescript@^5:
  version "5.4.5"
  resolved "https://registry.npmjs.org/typescript/-/typescript-5.4.5.tgz"

undici-types@~5.26.4:
  version "5.26.5"
  resolved "https://registry.npmjs.org/undici-types/-/undici-types-5.26.5.tgz"

undici@5.28.4:
  version "5.28.4"
  resolved "https://registry.npmjs.org/undici/-/undici-5.28.4.tgz"
  dependencies:
    "@fastify/busboy" "^2.0.0"

uuid@^8.3.2:
  version "8.3.2"
  resolved "https://registry.npmjs.org/uuid/-/uuid-8.3.2.tgz"

websocket-driver@>=0.5.1:
  version "0.7.4"
  resolved "https://registry.npmjs.org/websocket-driver/-/websocket-driver-0.7.4.tgz"
  dependencies:
    http-parser-js ">=0.5.1"
    safe-buffer ">=5.1.0"
    websocket-extensions ">=0.1.1"

websocket-extensions@>=0.1.1:
  version "0.1.4"
  resolved "https://registry.npmjs.org/websocket-extensions/-/websocket-extensions-0.1.4.tgz"

wrap-ansi@^7.0.0:
  version "7.0.0"
  resolved "https://registry.npmjs.org/wrap-ansi/-/wrap-ansi-7.0.0.tgz"
  dependencies:
    ansi-styles "^4.0.0"
    string-width "^4.1.0"
    strip-ansi "^6.0.0"

y18n@^5.0.5:
  version "5.0.8"
  resolved "https://registry.npmjs.org/y18n/-/y18n-5.0.8.tgz"

yallist@^4.0.0:
  version "4.0.0"
  resolved "https://registry.npmjs.org/yallist/-/yallist-4.0.0.tgz"

yargs-parser@^21.1.1:
  version "21.1.1"
  resolved "https://registry.npmjs.org/yargs-parser/-/yargs-parser-21.1.1.tgz"

yargs@^17.7.2:
  version "17.7.2"
  resolved "https://registry.npmjs.org/yargs/-/yargs-17.7.2.tgz"
  dependencies:
    cliui "^8.0.1"
    escalade "^3.1.1"
    get-caller-file "^2.0.5"
    require-directory "^2.1.1"
    string-width "^4.2.3"
    y18n "^5.0.5"
    yargs-parser "^21.1.1"
